# THIS IS AN AUTOGENERATED FILE. DO NOT EDIT THIS FILE DIRECTLY.
# yarn lockfile v1


"@types/aws-lambda@^8.10.92":
  version "8.10.101"
  resolved "https://registry.yarnpkg.com/@types/aws-lambda/-/aws-lambda-8.10.101.tgz#35d85783a834e04604d49e85dc7ee6e2820e8939"
  integrity sha512-84geGyVc0H9P9aGbcg/vkDh5akJq0bEf3tizHNR2d1gcm0wsp9IZ/SW6rPxvgjJFi3OeVxDc8WTKCAjoZbogzg==
